
Microsoft Visual Studio Solution File, Format Version 12.00
# Visual Studio Version 16
VisualStudioVersion = 16.0.31129.286
MinimumVisualStudioVersion = 10.0.40219.1
Project("{FAE04EC0-301F-11D3-BF4B-00C04F79EFBC}") = "Movie2", "Movie2\Movie2.csproj", "{B4DF7E16-804C-4422-B152-9CCE39E5AEB8}"
EndProject
Global
	GlobalSection(SolutionConfigurationPlatforms) = preSolution
		Debug|Any CPU = Debug|Any CPU
		Release|Any CPU = Release|Any CPU
	EndGlobalSection
	GlobalSection(ProjectConfigurationPlatforms) = postSolution
		{B4DF7E16-804C-4422-B152-9CCE39E5AEB8}.Debug|Any CPU.ActiveCfg = Debug|Any CPU
		{B4DF7E16-804C-4422-B152-9CCE39E5AEB8}.Debug|Any CPU.Build.0 = Debug|Any CPU
		{B4DF7E16-804C-4422-B152-9CCE39E5AEB8}.Release|Any CPU.ActiveCfg = Release|Any CPU
		{B4DF7E16-804C-4422-B152-9CCE39E5AEB8}.Release|Any CPU.Build.0 = Release|Any CPU
	EndGlobalSection
	GlobalSection(SolutionProperties) = preSolution
		HideSolutionNode = FALSE
	EndGlobalSection
	GlobalSection(ExtensibilityGlobals) = postSolution
		SolutionGuid = {B4395700-CBE1-4A1C-99E2-9748C8D5E6A6}
	EndGlobalSection
EndGlobal
